
Microsoft Visual Studio Solution File, Format Version 12.00
# Visual Studio Version 17
VisualStudioVersion = 17.9.34728.123
MinimumVisualStudioVersion = 10.0.40219.1
Project("{FAE04EC0-301F-11D3-BF4B-00C04F79EFBC}") = "kullanici-sifre", "kullanici-sifre.csproj", "{7ED96F80-3ADB-49D8-A745-5E50AC429993}"
EndProject
Global
	GlobalSection(SolutionConfigurationPlatforms) = preSolution
		Debug|Any CPU = Debug|Any CPU
		Release|Any CPU = Release|Any CPU
	EndGlobalSection
	GlobalSection(ProjectConfigurationPlatforms) = postSolution
		{7ED96F80-3ADB-49D8-A745-5E50AC429993}.Debug|Any CPU.ActiveCfg = Debug|Any CPU
		{7ED96F80-3ADB-49D8-A745-5E50AC429993}.Debug|Any CPU.Build.0 = Debug|Any CPU
		{7ED96F80-3ADB-49D8-A745-5E50AC429993}.Release|Any CPU.ActiveCfg = Release|Any CPU
		{7ED96F80-3ADB-49D8-A745-5E50AC429993}.Release|Any CPU.Build.0 = Release|Any CPU
	EndGlobalSection
	GlobalSection(SolutionProperties) = preSolution
		HideSolutionNode = FALSE
	EndGlobalSection
	GlobalSection(ExtensibilityGlobals) = postSolution
		SolutionGuid = {D37BE565-A88E-4426-9E1E-9BC07C5EFAA1}
	EndGlobalSection
EndGlobal
